
Microsoft Visual Studio Solution File, Format Version 12.00
# Visual Studio Version 17
VisualStudioVersion = 17.5.002.0
MinimumVisualStudioVersion = 10.0.40219.1
Project("{9A19103F-16F7-4668-BE54-9A1E7A4F7556}") = "StudentManagement", "StudentManagement.csproj", "{0EFA6C38-FA31-4786-AC88-04640F91B23B}"
EndProject
Global
	GlobalSection(SolutionConfigurationPlatforms) = preSolution
		Debug|Any CPU = Debug|Any CPU
		Release|Any CPU = Release|Any CPU
	EndGlobalSection
	GlobalSection(ProjectConfigurationPlatforms) = postSolution
		{0EFA6C38-FA31-4786-AC88-04640F91B23B}.Debug|Any CPU.ActiveCfg = Debug|Any CPU
		{0EFA6C38-FA31-4786-AC88-04640F91B23B}.Debug|Any CPU.Build.0 = Debug|Any CPU
		{0EFA6C38-FA31-4786-AC88-04640F91B23B}.Release|Any CPU.ActiveCfg = Release|Any CPU
		{0EFA6C38-FA31-4786-AC88-04640F91B23B}.Release|Any CPU.Build.0 = Release|Any CPU
	EndGlobalSection
	GlobalSection(SolutionProperties) = preSolution
		HideSolutionNode = FALSE
	EndGlobalSection
	GlobalSection(ExtensibilityGlobals) = postSolution
		SolutionGuid = {AE415F1E-3F7C-4C0B-806B-24AEDEC6793F}
	EndGlobalSection
EndGlobal
